
Microsoft Visual Studio Solution File, Format Version 12.00
# Visual Studio Version 16
VisualStudioVersion = 16.0.29418.71
MinimumVisualStudioVersion = 10.0.40219.1
Project("{FAE04EC0-301F-11D3-BF4B-00C04F79EFBC}") = "SzeregowanieZadan", "SzeregowanieZadan\SzeregowanieZadan.csproj", "{703E9E10-F374-4D11-9E42-1841200947C7}"
EndProject
Global
	GlobalSection(SolutionConfigurationPlatforms) = preSolution
		Debug|Any CPU = Debug|Any CPU
		Release|Any CPU = Release|Any CPU
	EndGlobalSection
	GlobalSection(ProjectConfigurationPlatforms) = postSolution
		{703E9E10-F374-4D11-9E42-1841200947C7}.Debug|Any CPU.ActiveCfg = Debug|Any CPU
		{703E9E10-F374-4D11-9E42-1841200947C7}.Debug|Any CPU.Build.0 = Debug|Any CPU
		{703E9E10-F374-4D11-9E42-1841200947C7}.Release|Any CPU.ActiveCfg = Release|Any CPU
		{703E9E10-F374-4D11-9E42-1841200947C7}.Release|Any CPU.Build.0 = Release|Any CPU
	EndGlobalSection
	GlobalSection(SolutionProperties) = preSolution
		HideSolutionNode = FALSE
	EndGlobalSection
	GlobalSection(ExtensibilityGlobals) = postSolution
		SolutionGuid = {89EFB35F-1FF4-4B10-B4AB-50D5D95C034E}
	EndGlobalSection
EndGlobal
