
Microsoft Visual Studio Solution File, Format Version 12.00
# Visual Studio Version 16
VisualStudioVersion = 16.0.29418.71
MinimumVisualStudioVersion = 10.0.40219.1
Project("{FAE04EC0-301F-11D3-BF4B-00C04F79EFBC}") = "SzeregowanieZadan", "SzeregowanieZadan\SzeregowanieZadan.csproj", "{703E9E10-F374-4D11-9E42-1841200947C7}"
EndProject
Project("{FAE04EC0-301F-11D3-BF4B-00C04F79EFBC}") = "SzeregowanieZadanTests", "SzeregowanieZadanTests\SzeregowanieZadanTests.csproj", "{07A09678-6BE9-4A3C-BBFD-E438A419A41C}"
EndProject
Project("{FAE04EC0-301F-11D3-BF4B-00C04F79EFBC}") = "Genetyk", "Genetyk\Genetyk.csproj", "{BA72462B-74B3-4534-B933-6A1152CA1979}"
EndProject
Global
	GlobalSection(SolutionConfigurationPlatforms) = preSolution
		Debug|Any CPU = Debug|Any CPU
		Release|Any CPU = Release|Any CPU
	EndGlobalSection
	GlobalSection(ProjectConfigurationPlatforms) = postSolution
		{703E9E10-F374-4D11-9E42-1841200947C7}.Debug|Any CPU.ActiveCfg = Debug|Any CPU
		{703E9E10-F374-4D11-9E42-1841200947C7}.Debug|Any CPU.Build.0 = Debug|Any CPU
		{703E9E10-F374-4D11-9E42-1841200947C7}.Release|Any CPU.ActiveCfg = Release|Any CPU
		{703E9E10-F374-4D11-9E42-1841200947C7}.Release|Any CPU.Build.0 = Release|Any CPU
		{07A09678-6BE9-4A3C-BBFD-E438A419A41C}.Debug|Any CPU.ActiveCfg = Debug|Any CPU
		{07A09678-6BE9-4A3C-BBFD-E438A419A41C}.Debug|Any CPU.Build.0 = Debug|Any CPU
		{07A09678-6BE9-4A3C-BBFD-E438A419A41C}.Release|Any CPU.ActiveCfg = Release|Any CPU
		{07A09678-6BE9-4A3C-BBFD-E438A419A41C}.Release|Any CPU.Build.0 = Release|Any CPU
		{BA72462B-74B3-4534-B933-6A1152CA1979}.Debug|Any CPU.ActiveCfg = Debug|Any CPU
		{BA72462B-74B3-4534-B933-6A1152CA1979}.Debug|Any CPU.Build.0 = Debug|Any CPU
		{BA72462B-74B3-4534-B933-6A1152CA1979}.Release|Any CPU.ActiveCfg = Release|Any CPU
		{BA72462B-74B3-4534-B933-6A1152CA1979}.Release|Any CPU.Build.0 = Release|Any CPU
	EndGlobalSection
	GlobalSection(SolutionProperties) = preSolution
		HideSolutionNode = FALSE
	EndGlobalSection
	GlobalSection(ExtensibilityGlobals) = postSolution
		SolutionGuid = {89EFB35F-1FF4-4B10-B4AB-50D5D95C034E}
	EndGlobalSection
EndGlobal
